// !$*UTF8*$!
{
	archiveVersion = 1;
	classes = {
	};
	objectVersion = 50;
	objects = {

/* Begin PBXBuildFile section */
		3310FB95237A17B300B8BBF8 /* AppDelegate.swift in Sources */ = {isa = PBXBuildFile; fileRef = 3310FB94237A17B300B8BBF8 /* AppDelegate.swift */; };
		3310FB97237A17B300B8BBF8 /* GameScene.sks in Resources */ = {isa = PBXBuildFile; fileRef = 3310FB96237A17B300B8BBF8 /* GameScene.sks */; };
		3310FB9B237A17B300B8BBF8 /* GameScene.swift in Sources */ = {isa = PBXBuildFile; fileRef = 3310FB9A237A17B300B8BBF8 /* GameScene.swift */; };
		3310FB9D237A17B300B8BBF8 /* GameViewController.swift in Sources */ = {isa = PBXBuildFile; fileRef = 3310FB9C237A17B300B8BBF8 /* GameViewController.swift */; };
		3310FBA0237A17B300B8BBF8 /* Main.storyboard in Resources */ = {isa = PBXBuildFile; fileRef = 3310FB9E237A17B300B8BBF8 /* Main.storyboard */; };
		3310FBA2237A17B500B8BBF8 /* Assets.xcassets in Resources */ = {isa = PBXBuildFile; fileRef = 3310FBA1237A17B500B8BBF8 /* Assets.xcassets */; };
		3310FBA5237A17B500B8BBF8 /* LaunchScreen.storyboard in Resources */ = {isa = PBXBuildFile; fileRef = 3310FBA3237A17B500B8BBF8 /* LaunchScreen.storyboard */; };
		3310FBAE237A1ACB00B8BBF8 /* sfx_swipe.caf in Resources */ = {isa = PBXBuildFile; fileRef = 3310FBAD237A1ACB00B8BBF8 /* sfx_swipe.caf */; };
		3310FBBC237A1AEE00B8BBF8 /* character2@2x.png in Resources */ = {isa = PBXBuildFile; fileRef = 3310FBB0237A1AEE00B8BBF8 /* character2@2x.png */; };
		3310FBBD237A1AEE00B8BBF8 /* tap_left@2x.png in Resources */ = {isa = PBXBuildFile; fileRef = 3310FBB1237A1AEE00B8BBF8 /* tap_left@2x.png */; };
		3310FBBE237A1AEE00B8BBF8 /* life_bg@2x.png in Resources */ = {isa = PBXBuildFile; fileRef = 3310FBB2237A1AEE00B8BBF8 /* life_bg@2x.png */; };
		3310FBBF237A1AEE00B8BBF8 /* roll@2x.png in Resources */ = {isa = PBXBuildFile; fileRef = 3310FBB3237A1AEE00B8BBF8 /* roll@2x.png */; };
		3310FBC0237A1AEE00B8BBF8 /* tap_right@2x.png in Resources */ = {isa = PBXBuildFile; fileRef = 3310FBB4237A1AEE00B8BBF8 /* tap_right@2x.png */; };
		3310FBC1237A1AEE00B8BBF8 /* chopstick@2x.png in Resources */ = {isa = PBXBuildFile; fileRef = 3310FBB5237A1AEE00B8BBF8 /* chopstick@2x.png */; };
		3310FBC2237A1AEE00B8BBF8 /* character1@2x.png in Resources */ = {isa = PBXBuildFile; fileRef = 3310FBB6237A1AEE00B8BBF8 /* character1@2x.png */; };
		3310FBC3237A1AEE00B8BBF8 /* life@2x.png in Resources */ = {isa = PBXBuildFile; fileRef = 3310FBB7237A1AEE00B8BBF8 /* life@2x.png */; };
		3310FBC4237A1AEE00B8BBF8 /* character3@2x.png in Resources */ = {isa = PBXBuildFile; fileRef = 3310FBB8237A1AEE00B8BBF8 /* character3@2x.png */; };
		3310FBC5237A1AEE00B8BBF8 /* button@2x.png in Resources */ = {isa = PBXBuildFile; fileRef = 3310FBB9237A1AEE00B8BBF8 /* button@2x.png */; };
		3310FBC6237A1AEE00B8BBF8 /* background@2x.png in Resources */ = {isa = PBXBuildFile; fileRef = 3310FBBA237A1AEE00B8BBF8 /* background@2x.png */; };
		3310FBC7237A1AEE00B8BBF8 /* mat@2x.png in Resources */ = {isa = PBXBuildFile; fileRef = 3310FBBB237A1AEE00B8BBF8 /* mat@2x.png */; };
		3310FBC9237A1B1E00B8BBF8 /* MSButtonNode.swift in Sources */ = {isa = PBXBuildFile; fileRef = 3310FBC8237A1B1E00B8BBF8 /* MSButtonNode.swift */; };
		3310FBCB237A214700B8BBF8 /* SushiPiece.swift in Sources */ = {isa = PBXBuildFile; fileRef = 3310FBCA237A214700B8BBF8 /* SushiPiece.swift */; };
		3310FBD1237A6DB300B8BBF8 /* Character.swift in Sources */ = {isa = PBXBuildFile; fileRef = 3310FBD0237A6DB300B8BBF8 /* Character.swift */; };
		3310FBD4237A7E8B00B8BBF8 /* Constants.swift in Sources */ = {isa = PBXBuildFile; fileRef = 3310FBD3237A7E8B00B8BBF8 /* Constants.swift */; };
		3310FBD6237A863E00B8BBF8 /* AnimationActions.sks in Resources */ = {isa = PBXBuildFile; fileRef = 3310FBD5237A863E00B8BBF8 /* AnimationActions.sks */; };
		3310FBD8237BDEE900B8BBF8 /* GameState.swift in Sources */ = {isa = PBXBuildFile; fileRef = 3310FBD7237BDEE900B8BBF8 /* GameState.swift */; };
		3310FBDA237BDF0A00B8BBF8 /* Side.swift in Sources */ = {isa = PBXBuildFile; fileRef = 3310FBD9237BDF0A00B8BBF8 /* Side.swift */; };
/* End PBXBuildFile section */

/* Begin PBXFileReference section */
		3310FB91237A17B300B8BBF8 /* SushiNeko.app */ = {isa = PBXFileReference; explicitFileType = wrapper.application; includeInIndex = 0; path = SushiNeko.app; sourceTree = BUILT_PRODUCTS_DIR; };
		3310FB94237A17B300B8BBF8 /* AppDelegate.swift */ = {isa = PBXFileReference; lastKnownFileType = sourcecode.swift; path = AppDelegate.swift; sourceTree = "<group>"; };
		3310FB96237A17B300B8BBF8 /* GameScene.sks */ = {isa = PBXFileReference; lastKnownFileType = file.sks; path = GameScene.sks; sourceTree = "<group>"; };
		3310FB9A237A17B300B8BBF8 /* GameScene.swift */ = {isa = PBXFileReference; lastKnownFileType = sourcecode.swift; path = GameScene.swift; sourceTree = "<group>"; };
		3310FB9C237A17B300B8BBF8 /* GameViewController.swift */ = {isa = PBXFileReference; lastKnownFileType = sourcecode.swift; path = GameViewController.swift; sourceTree = "<group>"; };
		3310FB9F237A17B300B8BBF8 /* Base */ = {isa = PBXFileReference; lastKnownFileType = file.storyboard; name = Base; path = Base.lproj/Main.storyboard; sourceTree = "<group>"; };
		3310FBA1237A17B500B8BBF8 /* Assets.xcassets */ = {isa = PBXFileReference; lastKnownFileType = folder.assetcatalog; path = Assets.xcassets; sourceTree = "<group>"; };
		3310FBA4237A17B500B8BBF8 /* Base */ = {isa = PBXFileReference; lastKnownFileType = file.storyboard; name = Base; path = Base.lproj/LaunchScreen.storyboard; sourceTree = "<group>"; };
		3310FBA6237A17B500B8BBF8 /* Info.plist */ = {isa = PBXFileReference; lastKnownFileType = text.plist.xml; path = Info.plist; sourceTree = "<group>"; };
		3310FBAD237A1ACB00B8BBF8 /* sfx_swipe.caf */ = {isa = PBXFileReference; lastKnownFileType = file; path = sfx_swipe.caf; sourceTree = "<group>"; };
		3310FBB0237A1AEE00B8BBF8 /* character2@2x.png */ = {isa = PBXFileReference; lastKnownFileType = image.png; path = "character2@2x.png"; sourceTree = "<group>"; };
		3310FBB1237A1AEE00B8BBF8 /* tap_left@2x.png */ = {isa = PBXFileReference; lastKnownFileType = image.png; path = "tap_left@2x.png"; sourceTree = "<group>"; };
		3310FBB2237A1AEE00B8BBF8 /* life_bg@2x.png */ = {isa = PBXFileReference; lastKnownFileType = image.png; path = "life_bg@2x.png"; sourceTree = "<group>"; };
		3310FBB3237A1AEE00B8BBF8 /* roll@2x.png */ = {isa = PBXFileReference; lastKnownFileType = image.png; path = "roll@2x.png"; sourceTree = "<group>"; };
		3310FBB4237A1AEE00B8BBF8 /* tap_right@2x.png */ = {isa = PBXFileReference; lastKnownFileType = image.png; path = "tap_right@2x.png"; sourceTree = "<group>"; };
		3310FBB5237A1AEE00B8BBF8 /* chopstick@2x.png */ = {isa = PBXFileReference; lastKnownFileType = image.png; path = "chopstick@2x.png"; sourceTree = "<group>"; };
		3310FBB6237A1AEE00B8BBF8 /* character1@2x.png */ = {isa = PBXFileReference; lastKnownFileType = image.png; path = "character1@2x.png"; sourceTree = "<group>"; };
		3310FBB7237A1AEE00B8BBF8 /* life@2x.png */ = {isa = PBXFileReference; lastKnownFileType = image.png; path = "life@2x.png"; sourceTree = "<group>"; };
		3310FBB8237A1AEE00B8BBF8 /* character3@2x.png */ = {isa = PBXFileReference; lastKnownFileType = image.png; path = "character3@2x.png"; sourceTree = "<group>"; };
		3310FBB9237A1AEE00B8BBF8 /* button@2x.png */ = {isa = PBXFileReference; lastKnownFileType = image.png; path = "button@2x.png"; sourceTree = "<group>"; };
		3310FBBA237A1AEE00B8BBF8 /* background@2x.png */ = {isa = PBXFileReference; lastKnownFileType = image.png; path = "background@2x.png"; sourceTree = "<group>"; };
		3310FBBB237A1AEE00B8BBF8 /* mat@2x.png */ = {isa = PBXFileReference; lastKnownFileType = image.png; path = "mat@2x.png"; sourceTree = "<group>"; };
		3310FBC8237A1B1E00B8BBF8 /* MSButtonNode.swift */ = {isa = PBXFileReference; lastKnownFileType = sourcecode.swift; path = MSButtonNode.swift; sourceTree = "<group>"; };
		3310FBCA237A214700B8BBF8 /* SushiPiece.swift */ = {isa = PBXFileReference; lastKnownFileType = sourcecode.swift; path = SushiPiece.swift; sourceTree = "<group>"; };
		3310FBD0237A6DB300B8BBF8 /* Character.swift */ = {isa = PBXFileReference; lastKnownFileType = sourcecode.swift; path = Character.swift; sourceTree = "<group>"; };
		3310FBD3237A7E8B00B8BBF8 /* Constants.swift */ = {isa = PBXFileReference; lastKnownFileType = sourcecode.swift; path = Constants.swift; sourceTree = "<group>"; };
		3310FBD5237A863E00B8BBF8 /* AnimationActions.sks */ = {isa = PBXFileReference; lastKnownFileType = file.sks; path = AnimationActions.sks; sourceTree = "<group>"; };
		3310FBD7237BDEE900B8BBF8 /* GameState.swift */ = {isa = PBXFileReference; lastKnownFileType = sourcecode.swift; path = GameState.swift; sourceTree = "<group>"; };
		3310FBD9237BDF0A00B8BBF8 /* Side.swift */ = {isa = PBXFileReference; lastKnownFileType = sourcecode.swift; path = Side.swift; sourceTree = "<group>"; };
/* End PBXFileReference section */

/* Begin PBXFrameworksBuildPhase section */
		3310FB8E237A17B300B8BBF8 /* Frameworks */ = {
			isa = PBXFrameworksBuildPhase;
			buildActionMask = 2147483647;
			files = (
			);
			runOnlyForDeploymentPostprocessing = 0;
		};
/* End PBXFrameworksBuildPhase section */

/* Begin PBXGroup section */
		3310FB88237A17B300B8BBF8 = {
			isa = PBXGroup;
			children = (
				3310FB93237A17B300B8BBF8 /* SushiNeko */,
				3310FB92237A17B300B8BBF8 /* Products */,
			);
			sourceTree = "<group>";
		};
		3310FB92237A17B300B8BBF8 /* Products */ = {
			isa = PBXGroup;
			children = (
				3310FB91237A17B300B8BBF8 /* SushiNeko.app */,
			);
			name = Products;
			sourceTree = "<group>";
		};
		3310FB93237A17B300B8BBF8 /* SushiNeko */ = {
			isa = PBXGroup;
			children = (
				3310FB94237A17B300B8BBF8 /* AppDelegate.swift */,
				3310FB9E237A17B300B8BBF8 /* Main.storyboard */,
				3310FBCE237A21E900B8BBF8 /* View */,
				3310FBCC237A21D300B8BBF8 /* Model */,
				3310FBCD237A21DA00B8BBF8 /* Controller */,
				3310FBD2237A7E7300B8BBF8 /* Helper */,
				3310FBCF237A220200B8BBF8 /* ProjectAssets */,
				3310FBA1237A17B500B8BBF8 /* Assets.xcassets */,
				3310FBA3237A17B500B8BBF8 /* LaunchScreen.storyboard */,
				3310FBA6237A17B500B8BBF8 /* Info.plist */,
			);
			path = SushiNeko;
			sourceTree = "<group>";
		};
		3310FBAC237A1ACB00B8BBF8 /* SFX */ = {
			isa = PBXGroup;
			children = (
				3310FBAD237A1ACB00B8BBF8 /* sfx_swipe.caf */,
			);
			path = SFX;
			sourceTree = "<group>";
		};
		3310FBAF237A1AEE00B8BBF8 /* SushiNekoArtPack */ = {
			isa = PBXGroup;
			children = (
				3310FBB6237A1AEE00B8BBF8 /* character1@2x.png */,
				3310FBB0237A1AEE00B8BBF8 /* character2@2x.png */,
				3310FBB8237A1AEE00B8BBF8 /* character3@2x.png */,
				3310FBBA237A1AEE00B8BBF8 /* background@2x.png */,
				3310FBB3237A1AEE00B8BBF8 /* roll@2x.png */,
				3310FBB5237A1AEE00B8BBF8 /* chopstick@2x.png */,
				3310FBB2237A1AEE00B8BBF8 /* life_bg@2x.png */,
				3310FBB7237A1AEE00B8BBF8 /* life@2x.png */,
				3310FBB9237A1AEE00B8BBF8 /* button@2x.png */,
				3310FBB1237A1AEE00B8BBF8 /* tap_left@2x.png */,
				3310FBB4237A1AEE00B8BBF8 /* tap_right@2x.png */,
				3310FBBB237A1AEE00B8BBF8 /* mat@2x.png */,
			);
			path = SushiNekoArtPack;
			sourceTree = "<group>";
		};
		3310FBCC237A21D300B8BBF8 /* Model */ = {
			isa = PBXGroup;
			children = (
				3310FBCA237A214700B8BBF8 /* SushiPiece.swift */,
				3310FBD0237A6DB300B8BBF8 /* Character.swift */,
				3310FBD9237BDF0A00B8BBF8 /* Side.swift */,
				3310FBD7237BDEE900B8BBF8 /* GameState.swift */,
			);
			path = Model;
			sourceTree = "<group>";
		};
		3310FBCD237A21DA00B8BBF8 /* Controller */ = {
			isa = PBXGroup;
			children = (
				3310FB9C237A17B300B8BBF8 /* GameViewController.swift */,
			);
			path = Controller;
			sourceTree = "<group>";
		};
		3310FBCE237A21E900B8BBF8 /* View */ = {
			isa = PBXGroup;
			children = (
				3310FB96237A17B300B8BBF8 /* GameScene.sks */,
				3310FB9A237A17B300B8BBF8 /* GameScene.swift */,
				3310FBD5237A863E00B8BBF8 /* AnimationActions.sks */,
				3310FBC8237A1B1E00B8BBF8 /* MSButtonNode.swift */,
			);
			path = View;
			sourceTree = "<group>";
		};
		3310FBCF237A220200B8BBF8 /* ProjectAssets */ = {
			isa = PBXGroup;
			children = (
				3310FBAF237A1AEE00B8BBF8 /* SushiNekoArtPack */,
				3310FBAC237A1ACB00B8BBF8 /* SFX */,
			);
			path = ProjectAssets;
			sourceTree = "<group>";
		};
		3310FBD2237A7E7300B8BBF8 /* Helper */ = {
			isa = PBXGroup;
			children = (
				3310FBD3237A7E8B00B8BBF8 /* Constants.swift */,
			);
			path = Helper;
			sourceTree = "<group>";
		};
/* End PBXGroup section */

/* Begin PBXNativeTarget section */
		3310FB90237A17B300B8BBF8 /* SushiNeko */ = {
			isa = PBXNativeTarget;
			buildConfigurationList = 3310FBA9237A17B500B8BBF8 /* Build configuration list for PBXNativeTarget "SushiNeko" */;
			buildPhases = (
				3310FB8D237A17B300B8BBF8 /* Sources */,
				3310FB8E237A17B300B8BBF8 /* Frameworks */,
				3310FB8F237A17B300B8BBF8 /* Resources */,
			);
			buildRules = (
			);
			dependencies = (
			);
			name = SushiNeko;
			productName = SushiNeko;
			productReference = 3310FB91237A17B300B8BBF8 /* SushiNeko.app */;
			productType = "com.apple.product-type.application";
		};
/* End PBXNativeTarget section */

/* Begin PBXProject section */
		3310FB89237A17B300B8BBF8 /* Project object */ = {
			isa = PBXProject;
			attributes = {
				LastSwiftUpdateCheck = 1120;
				LastUpgradeCheck = 1120;
				ORGANIZATIONNAME = SamuelFolledo;
				TargetAttributes = {
					3310FB90237A17B300B8BBF8 = {
						CreatedOnToolsVersion = 11.2;
					};
				};
			};
			buildConfigurationList = 3310FB8C237A17B300B8BBF8 /* Build configuration list for PBXProject "SushiNeko" */;
			compatibilityVersion = "Xcode 9.3";
			developmentRegion = en;
			hasScannedForEncodings = 0;
			knownRegions = (
				en,
				Base,
			);
			mainGroup = 3310FB88237A17B300B8BBF8;
			productRefGroup = 3310FB92237A17B300B8BBF8 /* Products */;
			projectDirPath = "";
			projectRoot = "";
			targets = (
				3310FB90237A17B300B8BBF8 /* SushiNeko */,
			);
		};
/* End PBXProject section */

/* Begin PBXResourcesBuildPhase section */
		3310FB8F237A17B300B8BBF8 /* Resources */ = {
			isa = PBXResourcesBuildPhase;
			buildActionMask = 2147483647;
			files = (
				3310FBA0237A17B300B8BBF8 /* Main.storyboard in Resources */,
				3310FBC0237A1AEE00B8BBF8 /* tap_right@2x.png in Resources */,
				3310FBBE237A1AEE00B8BBF8 /* life_bg@2x.png in Resources */,
				3310FBAE237A1ACB00B8BBF8 /* sfx_swipe.caf in Resources */,
				3310FB97237A17B300B8BBF8 /* GameScene.sks in Resources */,
				3310FBBD237A1AEE00B8BBF8 /* tap_left@2x.png in Resources */,
				3310FBC5237A1AEE00B8BBF8 /* button@2x.png in Resources */,
				3310FBC7237A1AEE00B8BBF8 /* mat@2x.png in Resources */,
				3310FBBC237A1AEE00B8BBF8 /* character2@2x.png in Resources */,
				3310FBA2237A17B500B8BBF8 /* Assets.xcassets in Resources */,
				3310FBBF237A1AEE00B8BBF8 /* roll@2x.png in Resources */,
				3310FBC1237A1AEE00B8BBF8 /* chopstick@2x.png in Resources */,
				3310FBA5237A17B500B8BBF8 /* LaunchScreen.storyboard in Resources */,
				3310FBC6237A1AEE00B8BBF8 /* background@2x.png in Resources */,
				3310FBC3237A1AEE00B8BBF8 /* life@2x.png in Resources */,
				3310FBC2237A1AEE00B8BBF8 /* character1@2x.png in Resources */,
				3310FBC4237A1AEE00B8BBF8 /* character3@2x.png in Resources */,
				3310FBD6237A863E00B8BBF8 /* AnimationActions.sks in Resources */,
			);
			runOnlyForDeploymentPostprocessing = 0;
		};
/* End PBXResourcesBuildPhase section */

/* Begin PBXSourcesBuildPhase section */
		3310FB8D237A17B300B8BBF8 /* Sources */ = {
			isa = PBXSourcesBuildPhase;
			buildActionMask = 2147483647;
			files = (
				3310FB9B237A17B300B8BBF8 /* GameScene.swift in Sources */,
				3310FB9D237A17B300B8BBF8 /* GameViewController.swift in Sources */,
				3310FBDA237BDF0A00B8BBF8 /* Side.swift in Sources */,
				3310FB95237A17B300B8BBF8 /* AppDelegate.swift in Sources */,
				3310FBD1237A6DB300B8BBF8 /* Character.swift in Sources */,
				3310FBD4237A7E8B00B8BBF8 /* Constants.swift in Sources */,
				3310FBD8237BDEE900B8BBF8 /* GameState.swift in Sources */,
				3310FBCB237A214700B8BBF8 /* SushiPiece.swift in Sources */,
				3310FBC9237A1B1E00B8BBF8 /* MSButtonNode.swift in Sources */,
			);
			runOnlyForDeploymentPostprocessing = 0;
		};
/* End PBXSourcesBuildPhase section */

/* Begin PBXVariantGroup section */
		3310FB9E237A17B300B8BBF8 /* Main.storyboard */ = {
			isa = PBXVariantGroup;
			children = (
				3310FB9F237A17B300B8BBF8 /* Base */,
			);
			name = Main.storyboard;
			sourceTree = "<group>";
		};
		3310FBA3237A17B500B8BBF8 /* LaunchScreen.storyboard */ = {
			isa = PBXVariantGroup;
			children = (
				3310FBA4237A17B500B8BBF8 /* Base */,
			);
			name = LaunchScreen.storyboard;
			sourceTree = "<group>";
		};
/* End PBXVariantGroup section */

/* Begin XCBuildConfiguration section */
		3310FBA7237A17B500B8BBF8 /* Debug */ = {
			isa = XCBuildConfiguration;
			buildSettings = {
				ALWAYS_SEARCH_USER_PATHS = NO;
				CLANG_ANALYZER_NONNULL = YES;
				CLANG_ANALYZER_NUMBER_OBJECT_CONVERSION = YES_AGGRESSIVE;
				CLANG_CXX_LANGUAGE_STANDARD = "gnu++14";
				CLANG_CXX_LIBRARY = "libc++";
				CLANG_ENABLE_MODULES = YES;
				CLANG_ENABLE_OBJC_ARC = YES;
				CLANG_ENABLE_OBJC_WEAK = YES;
				CLANG_WARN_BLOCK_CAPTURE_AUTORELEASING = YES;
				CLANG_WARN_BOOL_CONVERSION = YES;
				CLANG_WARN_COMMA = YES;
				CLANG_WARN_CONSTANT_CONVERSION = YES;
				CLANG_WARN_DEPRECATED_OBJC_IMPLEMENTATIONS = YES;
				CLANG_WARN_DIRECT_OBJC_ISA_USAGE = YES_ERROR;
				CLANG_WARN_DOCUMENTATION_COMMENTS = YES;
				CLANG_WARN_EMPTY_BODY = YES;
				CLANG_WARN_ENUM_CONVERSION = YES;
				CLANG_WARN_INFINITE_RECURSION = YES;
				CLANG_WARN_INT_CONVERSION = YES;
				CLANG_WARN_NON_LITERAL_NULL_CONVERSION = YES;
				CLANG_WARN_OBJC_IMPLICIT_RETAIN_SELF = YES;
				CLANG_WARN_OBJC_LITERAL_CONVERSION = YES;
				CLANG_WARN_OBJC_ROOT_CLASS = YES_ERROR;
				CLANG_WARN_RANGE_LOOP_ANALYSIS = YES;
				CLANG_WARN_STRICT_PROTOTYPES = YES;
				CLANG_WARN_SUSPICIOUS_MOVE = YES;
				CLANG_WARN_UNGUARDED_AVAILABILITY = YES_AGGRESSIVE;
				CLANG_WARN_UNREACHABLE_CODE = YES;
				CLANG_WARN__DUPLICATE_METHOD_MATCH = YES;
				COPY_PHASE_STRIP = NO;
				DEBUG_INFORMATION_FORMAT = dwarf;
				ENABLE_STRICT_OBJC_MSGSEND = YES;
				ENABLE_TESTABILITY = YES;
				GCC_C_LANGUAGE_STANDARD = gnu11;
				GCC_DYNAMIC_NO_PIC = NO;
				GCC_NO_COMMON_BLOCKS = YES;
				GCC_OPTIMIZATION_LEVEL = 0;
				GCC_PREPROCESSOR_DEFINITIONS = (
					"DEBUG=1",
					"$(inherited)",
				);
				GCC_WARN_64_TO_32_BIT_CONVERSION = YES;
				GCC_WARN_ABOUT_RETURN_TYPE = YES_ERROR;
				GCC_WARN_UNDECLARED_SELECTOR = YES;
				GCC_WARN_UNINITIALIZED_AUTOS = YES_AGGRESSIVE;
				GCC_WARN_UNUSED_FUNCTION = YES;
				GCC_WARN_UNUSED_VARIABLE = YES;
				IPHONEOS_DEPLOYMENT_TARGET = 13.2;
				MTL_ENABLE_DEBUG_INFO = INCLUDE_SOURCE;
				MTL_FAST_MATH = YES;
				ONLY_ACTIVE_ARCH = YES;
				SDKROOT = iphoneos;
				SWIFT_ACTIVE_COMPILATION_CONDITIONS = DEBUG;
				SWIFT_OPTIMIZATION_LEVEL = "-Onone";
			};
			name = Debug;
		};
		3310FBA8237A17B500B8BBF8 /* Release */ = {
			isa = XCBuildConfiguration;
			buildSettings = {
				ALWAYS_SEARCH_USER_PATHS = NO;
				CLANG_ANALYZER_NONNULL = YES;
				CLANG_ANALYZER_NUMBER_OBJECT_CONVERSION = YES_AGGRESSIVE;
				CLANG_CXX_LANGUAGE_STANDARD = "gnu++14";
				CLANG_CXX_LIBRARY = "libc++";
				CLANG_ENABLE_MODULES = YES;
				CLANG_ENABLE_OBJC_ARC = YES;
				CLANG_ENABLE_OBJC_WEAK = YES;
				CLANG_WARN_BLOCK_CAPTURE_AUTORELEASING = YES;
				CLANG_WARN_BOOL_CONVERSION = YES;
				CLANG_WARN_COMMA = YES;
				CLANG_WARN_CONSTANT_CONVERSION = YES;
				CLANG_WARN_DEPRECATED_OBJC_IMPLEMENTATIONS = YES;
				CLANG_WARN_DIRECT_OBJC_ISA_USAGE = YES_ERROR;
				CLANG_WARN_DOCUMENTATION_COMMENTS = YES;
				CLANG_WARN_EMPTY_BODY = YES;
				CLANG_WARN_ENUM_CONVERSION = YES;
				CLANG_WARN_INFINITE_RECURSION = YES;
				CLANG_WARN_INT_CONVERSION = YES;
				CLANG_WARN_NON_LITERAL_NULL_CONVERSION = YES;
				CLANG_WARN_OBJC_IMPLICIT_RETAIN_SELF = YES;
				CLANG_WARN_OBJC_LITERAL_CONVERSION = YES;
				CLANG_WARN_OBJC_ROOT_CLASS = YES_ERROR;
				CLANG_WARN_RANGE_LOOP_ANALYSIS = YES;
				CLANG_WARN_STRICT_PROTOTYPES = YES;
				CLANG_WARN_SUSPICIOUS_MOVE = YES;
				CLANG_WARN_UNGUARDED_AVAILABILITY = YES_AGGRESSIVE;
				CLANG_WARN_UNREACHABLE_CODE = YES;
				CLANG_WARN__DUPLICATE_METHOD_MATCH = YES;
				COPY_PHASE_STRIP = NO;
				DEBUG_INFORMATION_FORMAT = "dwarf-with-dsym";
				ENABLE_NS_ASSERTIONS = NO;
				ENABLE_STRICT_OBJC_MSGSEND = YES;
				GCC_C_LANGUAGE_STANDARD = gnu11;
				GCC_NO_COMMON_BLOCKS = YES;
				GCC_WARN_64_TO_32_BIT_CONVERSION = YES;
				GCC_WARN_ABOUT_RETURN_TYPE = YES_ERROR;
				GCC_WARN_UNDECLARED_SELECTOR = YES;
				GCC_WARN_UNINITIALIZED_AUTOS = YES_AGGRESSIVE;
				GCC_WARN_UNUSED_FUNCTION = YES;
				GCC_WARN_UNUSED_VARIABLE = YES;
				IPHONEOS_DEPLOYMENT_TARGET = 13.2;
				MTL_ENABLE_DEBUG_INFO = NO;
				MTL_FAST_MATH = YES;
				SDKROOT = iphoneos;
				SWIFT_COMPILATION_MODE = wholemodule;
				SWIFT_OPTIMIZATION_LEVEL = "-O";
				VALIDATE_PRODUCT = YES;
			};
			name = Release;
		};
		3310FBAA237A17B500B8BBF8 /* Debug */ = {
			isa = XCBuildConfiguration;
			buildSettings = {
				ASSETCATALOG_COMPILER_APPICON_NAME = AppIcon;
				CODE_SIGN_STYLE = Automatic;
				DEVELOPMENT_TEAM = 9NY68F4K3P;
				INFOPLIST_FILE = SushiNeko/Info.plist;
				LD_RUNPATH_SEARCH_PATHS = (
					"$(inherited)",
					"@executable_path/Frameworks",
				);
				PRODUCT_BUNDLE_IDENTIFIER = SamuelFolledo.SushiNeko;
				PRODUCT_NAME = "$(TARGET_NAME)";
				SWIFT_VERSION = 5.0;
				TARGETED_DEVICE_FAMILY = "1,2";
			};
			name = Debug;
		};
		3310FBAB237A17B500B8BBF8 /* Release */ = {
			isa = XCBuildConfiguration;
			buildSettings = {
				ASSETCATALOG_COMPILER_APPICON_NAME = AppIcon;
				CODE_SIGN_STYLE = Automatic;
				DEVELOPMENT_TEAM = 9NY68F4K3P;
				INFOPLIST_FILE = SushiNeko/Info.plist;
				LD_RUNPATH_SEARCH_PATHS = (
					"$(inherited)",
					"@executable_path/Frameworks",
				);
				PRODUCT_BUNDLE_IDENTIFIER = SamuelFolledo.SushiNeko;
				PRODUCT_NAME = "$(TARGET_NAME)";
				SWIFT_VERSION = 5.0;
				TARGETED_DEVICE_FAMILY = "1,2";
			};
			name = Release;
		};
/* End XCBuildConfiguration section */

/* Begin XCConfigurationList section */
		3310FB8C237A17B300B8BBF8 /* Build configuration list for PBXProject "SushiNeko" */ = {
			isa = XCConfigurationList;
			buildConfigurations = (
				3310FBA7237A17B500B8BBF8 /* Debug */,
				3310FBA8237A17B500B8BBF8 /* Release */,
			);
			defaultConfigurationIsVisible = 0;
			defaultConfigurationName = Release;
		};
		3310FBA9237A17B500B8BBF8 /* Build configuration list for PBXNativeTarget "SushiNeko" */ = {
			isa = XCConfigurationList;
			buildConfigurations = (
				3310FBAA237A17B500B8BBF8 /* Debug */,
				3310FBAB237A17B500B8BBF8 /* Release */,
			);
			defaultConfigurationIsVisible = 0;
			defaultConfigurationName = Release;
		};
/* End XCConfigurationList section */
	};
	rootObject = 3310FB89237A17B300B8BBF8 /* Project object */;
}
